// !$*UTF8*$!
{
	archiveVersion = 1;
	classes = {
	};
	objectVersion = 48;
	objects = {

/* Begin PBXBuildFile section */
		AA1FD0AE1F87AD8A0058B036 /* ConversionViewController.swift in Sources */ = {isa = PBXBuildFile; fileRef = AA1FD0AD1F87AD8A0058B036 /* ConversionViewController.swift */; };
		AA2EE0ED1FFAC373009D87E1 /* CoreLocation.framework in Frameworks */ = {isa = PBXBuildFile; fileRef = AA2EE0EC1FFAC2FC009D87E1 /* CoreLocation.framework */; };
		AA3F78632188CC1900CE3CCB /* Localizable.strings in Resources */ = {isa = PBXBuildFile; fileRef = AA3F78652188CC1900CE3CCB /* Localizable.strings */; };
		AA60713C1F927BCB00715078 /* MapKit.framework in Frameworks */ = {isa = PBXBuildFile; fileRef = AA60713B1F927BCB00715078 /* MapKit.framework */; };
		AAA25D141F86B199000F0C5B /* AppDelegate.swift in Sources */ = {isa = PBXBuildFile; fileRef = AAA25D131F86B199000F0C5B /* AppDelegate.swift */; };
		AAA25D191F86B199000F0C5B /* Main.storyboard in Resources */ = {isa = PBXBuildFile; fileRef = AAA25D171F86B199000F0C5B /* Main.storyboard */; };
		AAA25D1B1F86B199000F0C5B /* Assets.xcassets in Resources */ = {isa = PBXBuildFile; fileRef = AAA25D1A1F86B199000F0C5B /* Assets.xcassets */; };
		AAA25D1E1F86B199000F0C5B /* LaunchScreen.storyboard in Resources */ = {isa = PBXBuildFile; fileRef = AAA25D1C1F86B199000F0C5B /* LaunchScreen.storyboard */; };
		AAA25D291F86B199000F0C5B /* WorldTrotterTests.swift in Sources */ = {isa = PBXBuildFile; fileRef = AAA25D281F86B199000F0C5B /* WorldTrotterTests.swift */; };
		AAA25D341F86B199000F0C5B /* WorldTrotterUITests.swift in Sources */ = {isa = PBXBuildFile; fileRef = AAA25D331F86B199000F0C5B /* WorldTrotterUITests.swift */; };
		AAAF209A1F9926990081BA6D /* MapViewController.swift in Sources */ = {isa = PBXBuildFile; fileRef = AAAF20991F9926990081BA6D /* MapViewController.swift */; };
		AAFB36271FBF7AD40051036D /* WebKit.framework in Frameworks */ = {isa = PBXBuildFile; fileRef = AAFB36261FBF7AB10051036D /* WebKit.framework */; };
		AAFB362B1FBF7CB50051036D /* WebViewController.swift in Sources */ = {isa = PBXBuildFile; fileRef = AAFB362A1FBF7CB50051036D /* WebViewController.swift */; };
/* End PBXBuildFile section */

/* Begin PBXContainerItemProxy section */
		AAA25D251F86B199000F0C5B /* PBXContainerItemProxy */ = {
			isa = PBXContainerItemProxy;
			containerPortal = AAA25D081F86B199000F0C5B /* Project object */;
			proxyType = 1;
			remoteGlobalIDString = AAA25D0F1F86B199000F0C5B;
			remoteInfo = WorldTrotter;
		};
		AAA25D301F86B199000F0C5B /* PBXContainerItemProxy */ = {
			isa = PBXContainerItemProxy;
			containerPortal = AAA25D081F86B199000F0C5B /* Project object */;
			proxyType = 1;
			remoteGlobalIDString = AAA25D0F1F86B199000F0C5B;
			remoteInfo = WorldTrotter;
		};
/* End PBXContainerItemProxy section */

/* Begin PBXFileReference section */
		AA1FD0AD1F87AD8A0058B036 /* ConversionViewController.swift */ = {isa = PBXFileReference; lastKnownFileType = sourcecode.swift; path = ConversionViewController.swift; sourceTree = "<group>"; };
		AA2EE0EC1FFAC2FC009D87E1 /* CoreLocation.framework */ = {isa = PBXFileReference; lastKnownFileType = wrapper.framework; name = CoreLocation.framework; path = System/Library/Frameworks/CoreLocation.framework; sourceTree = SDKROOT; };
		AA3F78642188CC1900CE3CCB /* en */ = {isa = PBXFileReference; lastKnownFileType = text.plist.strings; name = en; path = en.lproj/Localizable.strings; sourceTree = "<group>"; };
		AA3F78662188CC2000CE3CCB /* es */ = {isa = PBXFileReference; lastKnownFileType = text.plist.strings; name = es; path = es.lproj/Localizable.strings; sourceTree = "<group>"; };
		AA5BC1852188BFF3008E684B /* en */ = {isa = PBXFileReference; lastKnownFileType = text.plist.strings; name = en; path = en.lproj/Main.strings; sourceTree = "<group>"; };
		AA5BC1862188C0F1008E684B /* es */ = {isa = PBXFileReference; lastKnownFileType = text.plist.strings; name = es; path = es.lproj/Main.strings; sourceTree = "<group>"; };
		AA5BC1872188C0F1008E684B /* es */ = {isa = PBXFileReference; lastKnownFileType = text.plist.strings; name = es; path = es.lproj/LaunchScreen.strings; sourceTree = "<group>"; };
		AA60713B1F927BCB00715078 /* MapKit.framework */ = {isa = PBXFileReference; lastKnownFileType = wrapper.framework; name = MapKit.framework; path = System/Library/Frameworks/MapKit.framework; sourceTree = SDKROOT; };
		AAA25D101F86B199000F0C5B /* WorldTrotter.app */ = {isa = PBXFileReference; explicitFileType = wrapper.application; includeInIndex = 0; path = WorldTrotter.app; sourceTree = BUILT_PRODUCTS_DIR; };
		AAA25D131F86B199000F0C5B /* AppDelegate.swift */ = {isa = PBXFileReference; lastKnownFileType = sourcecode.swift; path = AppDelegate.swift; sourceTree = "<group>"; };
		AAA25D181F86B199000F0C5B /* Base */ = {isa = PBXFileReference; lastKnownFileType = file.storyboard; name = Base; path = Base.lproj/Main.storyboard; sourceTree = "<group>"; };
		AAA25D1A1F86B199000F0C5B /* Assets.xcassets */ = {isa = PBXFileReference; lastKnownFileType = folder.assetcatalog; path = Assets.xcassets; sourceTree = "<group>"; };
		AAA25D1D1F86B199000F0C5B /* Base */ = {isa = PBXFileReference; lastKnownFileType = file.storyboard; name = Base; path = Base.lproj/LaunchScreen.storyboard; sourceTree = "<group>"; };
		AAA25D1F1F86B199000F0C5B /* Info.plist */ = {isa = PBXFileReference; lastKnownFileType = text.plist.xml; path = Info.plist; sourceTree = "<group>"; };
		AAA25D241F86B199000F0C5B /* WorldTrotterTests.xctest */ = {isa = PBXFileReference; explicitFileType = wrapper.cfbundle; includeInIndex = 0; path = WorldTrotterTests.xctest; sourceTree = BUILT_PRODUCTS_DIR; };
		AAA25D281F86B199000F0C5B /* WorldTrotterTests.swift */ = {isa = PBXFileReference; lastKnownFileType = sourcecode.swift; path = WorldTrotterTests.swift; sourceTree = "<group>"; };
		AAA25D2A1F86B199000F0C5B /* Info.plist */ = {isa = PBXFileReference; lastKnownFileType = text.plist.xml; path = Info.plist; sourceTree = "<group>"; };
		AAA25D2F1F86B199000F0C5B /* WorldTrotterUITests.xctest */ = {isa = PBXFileReference; explicitFileType = wrapper.cfbundle; includeInIndex = 0; path = WorldTrotterUITests.xctest; sourceTree = BUILT_PRODUCTS_DIR; };
		AAA25D331F86B199000F0C5B /* WorldTrotterUITests.swift */ = {isa = PBXFileReference; lastKnownFileType = sourcecode.swift; path = WorldTrotterUITests.swift; sourceTree = "<group>"; };
		AAA25D351F86B199000F0C5B /* Info.plist */ = {isa = PBXFileReference; lastKnownFileType = text.plist.xml; path = Info.plist; sourceTree = "<group>"; };
		AAAF20991F9926990081BA6D /* MapViewController.swift */ = {isa = PBXFileReference; lastKnownFileType = sourcecode.swift; path = MapViewController.swift; sourceTree = "<group>"; };
		AAB94F75213DBFC2000AD5B9 /* Location.gpx */ = {isa = PBXFileReference; lastKnownFileType = text.xml; path = Location.gpx; sourceTree = "<group>"; };
		AAFB36261FBF7AB10051036D /* WebKit.framework */ = {isa = PBXFileReference; lastKnownFileType = wrapper.framework; name = WebKit.framework; path = System/Library/Frameworks/WebKit.framework; sourceTree = SDKROOT; };
		AAFB362A1FBF7CB50051036D /* WebViewController.swift */ = {isa = PBXFileReference; lastKnownFileType = sourcecode.swift; path = WebViewController.swift; sourceTree = "<group>"; };
/* End PBXFileReference section */

/* Begin PBXFrameworksBuildPhase section */
		AAA25D0D1F86B199000F0C5B /* Frameworks */ = {
			isa = PBXFrameworksBuildPhase;
			buildActionMask = 2147483647;
			files = (
				AA2EE0ED1FFAC373009D87E1 /* CoreLocation.framework in Frameworks */,
				AAFB36271FBF7AD40051036D /* WebKit.framework in Frameworks */,
				AA60713C1F927BCB00715078 /* MapKit.framework in Frameworks */,
			);
			runOnlyForDeploymentPostprocessing = 0;
		};
		AAA25D211F86B199000F0C5B /* Frameworks */ = {
			isa = PBXFrameworksBuildPhase;
			buildActionMask = 2147483647;
			files = (
			);
			runOnlyForDeploymentPostprocessing = 0;
		};
		AAA25D2C1F86B199000F0C5B /* Frameworks */ = {
			isa = PBXFrameworksBuildPhase;
			buildActionMask = 2147483647;
			files = (
			);
			runOnlyForDeploymentPostprocessing = 0;
		};
/* End PBXFrameworksBuildPhase section */

/* Begin PBXGroup section */
		AA60713A1F927BCA00715078 /* Frameworks */ = {
			isa = PBXGroup;
			children = (
				AA2EE0EC1FFAC2FC009D87E1 /* CoreLocation.framework */,
				AAFB36261FBF7AB10051036D /* WebKit.framework */,
				AA60713B1F927BCB00715078 /* MapKit.framework */,
			);
			name = Frameworks;
			sourceTree = "<group>";
		};
		AAA25D071F86B199000F0C5B = {
			isa = PBXGroup;
			children = (
				AAB94F75213DBFC2000AD5B9 /* Location.gpx */,
				AAFB362A1FBF7CB50051036D /* WebViewController.swift */,
				AAAF20991F9926990081BA6D /* MapViewController.swift */,
				AA3F78652188CC1900CE3CCB /* Localizable.strings */,
				AA1FD0AD1F87AD8A0058B036 /* ConversionViewController.swift */,
				AAA25D121F86B199000F0C5B /* WorldTrotter */,
				AAA25D271F86B199000F0C5B /* WorldTrotterTests */,
				AAA25D321F86B199000F0C5B /* WorldTrotterUITests */,
				AAA25D111F86B199000F0C5B /* Products */,
				AA60713A1F927BCA00715078 /* Frameworks */,
			);
			sourceTree = "<group>";
		};
		AAA25D111F86B199000F0C5B /* Products */ = {
			isa = PBXGroup;
			children = (
				AAA25D101F86B199000F0C5B /* WorldTrotter.app */,
				AAA25D241F86B199000F0C5B /* WorldTrotterTests.xctest */,
				AAA25D2F1F86B199000F0C5B /* WorldTrotterUITests.xctest */,
			);
			name = Products;
			sourceTree = "<group>";
		};
		AAA25D121F86B199000F0C5B /* WorldTrotter */ = {
			isa = PBXGroup;
			children = (
				AAA25D131F86B199000F0C5B /* AppDelegate.swift */,
				AAA25D171F86B199000F0C5B /* Main.storyboard */,
				AAA25D1A1F86B199000F0C5B /* Assets.xcassets */,
				AAA25D1C1F86B199000F0C5B /* LaunchScreen.storyboard */,
				AAA25D1F1F86B199000F0C5B /* Info.plist */,
			);
			path = WorldTrotter;
			sourceTree = "<group>";
		};
		AAA25D271F86B199000F0C5B /* WorldTrotterTests */ = {
			isa = PBXGroup;
			children = (
				AAA25D281F86B199000F0C5B /* WorldTrotterTests.swift */,
				AAA25D2A1F86B199000F0C5B /* Info.plist */,
			);
			path = WorldTrotterTests;
			sourceTree = "<group>";
		};
		AAA25D321F86B199000F0C5B /* WorldTrotterUITests */ = {
			isa = PBXGroup;
			children = (
				AAA25D331F86B199000F0C5B /* WorldTrotterUITests.swift */,
				AAA25D351F86B199000F0C5B /* Info.plist */,
			);
			path = WorldTrotterUITests;
			sourceTree = "<group>";
		};
/* End PBXGroup section */

/* Begin PBXNativeTarget section */
		AAA25D0F1F86B199000F0C5B /* WorldTrotter */ = {
			isa = PBXNativeTarget;
			buildConfigurationList = AAA25D381F86B199000F0C5B /* Build configuration list for PBXNativeTarget "WorldTrotter" */;
			buildPhases = (
				AAA25D0C1F86B199000F0C5B /* Sources */,
				AAA25D0D1F86B199000F0C5B /* Frameworks */,
				AAA25D0E1F86B199000F0C5B /* Resources */,
			);
			buildRules = (
			);
			dependencies = (
			);
			name = WorldTrotter;
			productName = WorldTrotter;
			productReference = AAA25D101F86B199000F0C5B /* WorldTrotter.app */;
			productType = "com.apple.product-type.application";
		};
		AAA25D231F86B199000F0C5B /* WorldTrotterTests */ = {
			isa = PBXNativeTarget;
			buildConfigurationList = AAA25D3B1F86B199000F0C5B /* Build configuration list for PBXNativeTarget "WorldTrotterTests" */;
			buildPhases = (
				AAA25D201F86B199000F0C5B /* Sources */,
				AAA25D211F86B199000F0C5B /* Frameworks */,
				AAA25D221F86B199000F0C5B /* Resources */,
			);
			buildRules = (
			);
			dependencies = (
				AAA25D261F86B199000F0C5B /* PBXTargetDependency */,
			);
			name = WorldTrotterTests;
			productName = WorldTrotterTests;
			productReference = AAA25D241F86B199000F0C5B /* WorldTrotterTests.xctest */;
			productType = "com.apple.product-type.bundle.unit-test";
		};
		AAA25D2E1F86B199000F0C5B /* WorldTrotterUITests */ = {
			isa = PBXNativeTarget;
			buildConfigurationList = AAA25D3E1F86B199000F0C5B /* Build configuration list for PBXNativeTarget "WorldTrotterUITests" */;
			buildPhases = (
				AAA25D2B1F86B199000F0C5B /* Sources */,
				AAA25D2C1F86B199000F0C5B /* Frameworks */,
				AAA25D2D1F86B199000F0C5B /* Resources */,
			);
			buildRules = (
			);
			dependencies = (
				AAA25D311F86B199000F0C5B /* PBXTargetDependency */,
			);
			name = WorldTrotterUITests;
			productName = WorldTrotterUITests;
			productReference = AAA25D2F1F86B199000F0C5B /* WorldTrotterUITests.xctest */;
			productType = "com.apple.product-type.bundle.ui-testing";
		};
/* End PBXNativeTarget section */

/* Begin PBXProject section */
		AAA25D081F86B199000F0C5B /* Project object */ = {
			isa = PBXProject;
			attributes = {
				LastSwiftUpdateCheck = 0900;
				LastUpgradeCheck = 1000;
				ORGANIZATIONNAME = "Big Nerd Ranch";
				TargetAttributes = {
					AAA25D0F1F86B199000F0C5B = {
						CreatedOnToolsVersion = 9.0;
						ProvisioningStyle = Automatic;
					};
					AAA25D231F86B199000F0C5B = {
						CreatedOnToolsVersion = 9.0;
						ProvisioningStyle = Automatic;
						TestTargetID = AAA25D0F1F86B199000F0C5B;
					};
					AAA25D2E1F86B199000F0C5B = {
						CreatedOnToolsVersion = 9.0;
						ProvisioningStyle = Automatic;
						TestTargetID = AAA25D0F1F86B199000F0C5B;
					};
				};
			};
			buildConfigurationList = AAA25D0B1F86B199000F0C5B /* Build configuration list for PBXProject "WorldTrotter" */;
			compatibilityVersion = "Xcode 8.0";
			developmentRegion = en;
			hasScannedForEncodings = 0;
			knownRegions = (
				en,
				Base,
				es,
			);
			mainGroup = AAA25D071F86B199000F0C5B;
			productRefGroup = AAA25D111F86B199000F0C5B /* Products */;
			projectDirPath = "";
			projectRoot = "";
			targets = (
				AAA25D0F1F86B199000F0C5B /* WorldTrotter */,
				AAA25D231F86B199000F0C5B /* WorldTrotterTests */,
				AAA25D2E1F86B199000F0C5B /* WorldTrotterUITests */,
			);
		};
/* End PBXProject section */

/* Begin PBXResourcesBuildPhase section */
		AAA25D0E1F86B199000F0C5B /* Resources */ = {
			isa = PBXResourcesBuildPhase;
			buildActionMask = 2147483647;
			files = (
				AAA25D1E1F86B199000F0C5B /* LaunchScreen.storyboard in Resources */,
				AA3F78632188CC1900CE3CCB /* Localizable.strings in Resources */,
				AAA25D1B1F86B199000F0C5B /* Assets.xcassets in Resources */,
				AAA25D191F86B199000F0C5B /* Main.storyboard in Resources */,
			);
			runOnlyForDeploymentPostprocessing = 0;
		};
		AAA25D221F86B199000F0C5B /* Resources */ = {
			isa = PBXResourcesBuildPhase;
			buildActionMask = 2147483647;
			files = (
			);
			runOnlyForDeploymentPostprocessing = 0;
		};
		AAA25D2D1F86B199000F0C5B /* Resources */ = {
			isa = PBXResourcesBuildPhase;
			buildActionMask = 2147483647;
			files = (
			);
			runOnlyForDeploymentPostprocessing = 0;
		};
/* End PBXResourcesBuildPhase section */

/* Begin PBXSourcesBuildPhase section */
		AAA25D0C1F86B199000F0C5B /* Sources */ = {
			isa = PBXSourcesBuildPhase;
			buildActionMask = 2147483647;
			files = (
				AAFB362B1FBF7CB50051036D /* WebViewController.swift in Sources */,
				AA1FD0AE1F87AD8A0058B036 /* ConversionViewController.swift in Sources */,
				AAAF209A1F9926990081BA6D /* MapViewController.swift in Sources */,
				AAA25D141F86B199000F0C5B /* AppDelegate.swift in Sources */,
			);
			runOnlyForDeploymentPostprocessing = 0;
		};
		AAA25D201F86B199000F0C5B /* Sources */ = {
			isa = PBXSourcesBuildPhase;
			buildActionMask = 2147483647;
			files = (
				AAA25D291F86B199000F0C5B /* WorldTrotterTests.swift in Sources */,
			);
			runOnlyForDeploymentPostprocessing = 0;
		};
		AAA25D2B1F86B199000F0C5B /* Sources */ = {
			isa = PBXSourcesBuildPhase;
			buildActionMask = 2147483647;
			files = (
				AAA25D341F86B199000F0C5B /* WorldTrotterUITests.swift in Sources */,
			);
			runOnlyForDeploymentPostprocessing = 0;
		};
/* End PBXSourcesBuildPhase section */

/* Begin PBXTargetDependency section */
		AAA25D261F86B199000F0C5B /* PBXTargetDependency */ = {
			isa = PBXTargetDependency;
			target = AAA25D0F1F86B199000F0C5B /* WorldTrotter */;
			targetProxy = AAA25D251F86B199000F0C5B /* PBXContainerItemProxy */;
		};
		AAA25D311F86B199000F0C5B /* PBXTargetDependency */ = {
			isa = PBXTargetDependency;
			target = AAA25D0F1F86B199000F0C5B /* WorldTrotter */;
			targetProxy = AAA25D301F86B199000F0C5B /* PBXContainerItemProxy */;
		};
/* End PBXTargetDependency section */

/* Begin PBXVariantGroup section */
		AA3F78652188CC1900CE3CCB /* Localizable.strings */ = {
			isa = PBXVariantGroup;
			children = (
				AA3F78642188CC1900CE3CCB /* en */,
				AA3F78662188CC2000CE3CCB /* es */,
			);
			name = Localizable.strings;
			sourceTree = "<group>";
		};
		AAA25D171F86B199000F0C5B /* Main.storyboard */ = {
			isa = PBXVariantGroup;
			children = (
				AAA25D181F86B199000F0C5B /* Base */,
				AA5BC1852188BFF3008E684B /* en */,
				AA5BC1862188C0F1008E684B /* es */,
			);
			name = Main.storyboard;
			sourceTree = "<group>";
		};
		AAA25D1C1F86B199000F0C5B /* LaunchScreen.storyboard */ = {
			isa = PBXVariantGroup;
			children = (
				AAA25D1D1F86B199000F0C5B /* Base */,
				AA5BC1872188C0F1008E684B /* es */,
			);
			name = LaunchScreen.storyboard;
			sourceTree = "<group>";
		};
/* End PBXVariantGroup section */

/* Begin XCBuildConfiguration section */
		AAA25D361F86B199000F0C5B /* Debug */ = {
			isa = XCBuildConfiguration;
			buildSettings = {
				ALWAYS_SEARCH_USER_PATHS = NO;
				CLANG_ANALYZER_LOCALIZABILITY_NONLOCALIZED = YES;
				CLANG_ANALYZER_NONNULL = YES;
				CLANG_ANALYZER_NUMBER_OBJECT_CONVERSION = YES_AGGRESSIVE;
				CLANG_CXX_LANGUAGE_STANDARD = "gnu++14";
				CLANG_CXX_LIBRARY = "libc++";
				CLANG_ENABLE_MODULES = YES;
				CLANG_ENABLE_OBJC_ARC = YES;
				CLANG_WARN_BLOCK_CAPTURE_AUTORELEASING = YES;
				CLANG_WARN_BOOL_CONVERSION = YES;
				CLANG_WARN_COMMA = YES;
				CLANG_WARN_CONSTANT_CONVERSION = YES;
				CLANG_WARN_DEPRECATED_OBJC_IMPLEMENTATIONS = YES;
				CLANG_WARN_DIRECT_OBJC_ISA_USAGE = YES_ERROR;
				CLANG_WARN_DOCUMENTATION_COMMENTS = YES;
				CLANG_WARN_EMPTY_BODY = YES;
				CLANG_WARN_ENUM_CONVERSION = YES;
				CLANG_WARN_INFINITE_RECURSION = YES;
				CLANG_WARN_INT_CONVERSION = YES;
				CLANG_WARN_NON_LITERAL_NULL_CONVERSION = YES;
				CLANG_WARN_OBJC_IMPLICIT_RETAIN_SELF = YES;
				CLANG_WARN_OBJC_LITERAL_CONVERSION = YES;
				CLANG_WARN_OBJC_ROOT_CLASS = YES_ERROR;
				CLANG_WARN_RANGE_LOOP_ANALYSIS = YES;
				CLANG_WARN_STRICT_PROTOTYPES = YES;
				CLANG_WARN_SUSPICIOUS_MOVE = YES;
				CLANG_WARN_UNGUARDED_AVAILABILITY = YES_AGGRESSIVE;
				CLANG_WARN_UNREACHABLE_CODE = YES;
				CLANG_WARN__DUPLICATE_METHOD_MATCH = YES;
				CODE_SIGN_IDENTITY = "iPhone Developer";
				COPY_PHASE_STRIP = NO;
				DEBUG_INFORMATION_FORMAT = dwarf;
				ENABLE_STRICT_OBJC_MSGSEND = YES;
				ENABLE_TESTABILITY = YES;
				GCC_C_LANGUAGE_STANDARD = gnu11;
				GCC_DYNAMIC_NO_PIC = NO;
				GCC_NO_COMMON_BLOCKS = YES;
				GCC_OPTIMIZATION_LEVEL = 0;
				GCC_PREPROCESSOR_DEFINITIONS = (
					"DEBUG=1",
					"$(inherited)",
				);
				GCC_WARN_64_TO_32_BIT_CONVERSION = YES;
				GCC_WARN_ABOUT_RETURN_TYPE = YES_ERROR;
				GCC_WARN_UNDECLARED_SELECTOR = YES;
				GCC_WARN_UNINITIALIZED_AUTOS = YES_AGGRESSIVE;
				GCC_WARN_UNUSED_FUNCTION = YES;
				GCC_WARN_UNUSED_VARIABLE = YES;
				IPHONEOS_DEPLOYMENT_TARGET = 11.0;
				MTL_ENABLE_DEBUG_INFO = YES;
				ONLY_ACTIVE_ARCH = YES;
				SDKROOT = iphoneos;
				SWIFT_ACTIVE_COMPILATION_CONDITIONS = DEBUG;
				SWIFT_OPTIMIZATION_LEVEL = "-Onone";
			};
			name = Debug;
		};
		AAA25D371F86B199000F0C5B /* Release */ = {
			isa = XCBuildConfiguration;
			buildSettings = {
				ALWAYS_SEARCH_USER_PATHS = NO;
				CLANG_ANALYZER_LOCALIZABILITY_NONLOCALIZED = YES;
				CLANG_ANALYZER_NONNULL = YES;
				CLANG_ANALYZER_NUMBER_OBJECT_CONVERSION = YES_AGGRESSIVE;
				CLANG_CXX_LANGUAGE_STANDARD = "gnu++14";
				CLANG_CXX_LIBRARY = "libc++";
				CLANG_ENABLE_MODULES = YES;
				CLANG_ENABLE_OBJC_ARC = YES;
				CLANG_WARN_BLOCK_CAPTURE_AUTORELEASING = YES;
				CLANG_WARN_BOOL_CONVERSION = YES;
				CLANG_WARN_COMMA = YES;
				CLANG_WARN_CONSTANT_CONVERSION = YES;
				CLANG_WARN_DEPRECATED_OBJC_IMPLEMENTATIONS = YES;
				CLANG_WARN_DIRECT_OBJC_ISA_USAGE = YES_ERROR;
				CLANG_WARN_DOCUMENTATION_COMMENTS = YES;
				CLANG_WARN_EMPTY_BODY = YES;
				CLANG_WARN_ENUM_CONVERSION = YES;
				CLANG_WARN_INFINITE_RECURSION = YES;
				CLANG_WARN_INT_CONVERSION = YES;
				CLANG_WARN_NON_LITERAL_NULL_CONVERSION = YES;
				CLANG_WARN_OBJC_IMPLICIT_RETAIN_SELF = YES;
				CLANG_WARN_OBJC_LITERAL_CONVERSION = YES;
				CLANG_WARN_OBJC_ROOT_CLASS = YES_ERROR;
				CLANG_WARN_RANGE_LOOP_ANALYSIS = YES;
				CLANG_WARN_STRICT_PROTOTYPES = YES;
				CLANG_WARN_SUSPICIOUS_MOVE = YES;
				CLANG_WARN_UNGUARDED_AVAILABILITY = YES_AGGRESSIVE;
				CLANG_WARN_UNREACHABLE_CODE = YES;
				CLANG_WARN__DUPLICATE_METHOD_MATCH = YES;
				CODE_SIGN_IDENTITY = "iPhone Developer";
				COPY_PHASE_STRIP = NO;
				DEBUG_INFORMATION_FORMAT = "dwarf-with-dsym";
				ENABLE_NS_ASSERTIONS = NO;
				ENABLE_STRICT_OBJC_MSGSEND = YES;
				GCC_C_LANGUAGE_STANDARD = gnu11;
				GCC_NO_COMMON_BLOCKS = YES;
				GCC_WARN_64_TO_32_BIT_CONVERSION = YES;
				GCC_WARN_ABOUT_RETURN_TYPE = YES_ERROR;
				GCC_WARN_UNDECLARED_SELECTOR = YES;
				GCC_WARN_UNINITIALIZED_AUTOS = YES_AGGRESSIVE;
				GCC_WARN_UNUSED_FUNCTION = YES;
				GCC_WARN_UNUSED_VARIABLE = YES;
				IPHONEOS_DEPLOYMENT_TARGET = 11.0;
				MTL_ENABLE_DEBUG_INFO = NO;
				SDKROOT = iphoneos;
				SWIFT_OPTIMIZATION_LEVEL = "-Owholemodule";
				VALIDATE_PRODUCT = YES;
			};
			name = Release;
		};
		AAA25D391F86B199000F0C5B /* Debug */ = {
			isa = XCBuildConfiguration;
			buildSettings = {
				ASSETCATALOG_COMPILER_APPICON_NAME = AppIcon;
				CODE_SIGN_IDENTITY = "iPhone Developer";
				CODE_SIGN_STYLE = Automatic;
				DEVELOPMENT_TEAM = "";
				INFOPLIST_FILE = WorldTrotter/Info.plist;
				IPHONEOS_DEPLOYMENT_TARGET = 12.0;
				LD_RUNPATH_SEARCH_PATHS = "$(inherited) @executable_path/Frameworks";
				PRODUCT_BUNDLE_IDENTIFIER = com.bignerdranch;
				PRODUCT_NAME = "$(TARGET_NAME)";
				PROVISIONING_PROFILE_SPECIFIER = "";
				SWIFT_VERSION = 4.0;
				TARGETED_DEVICE_FAMILY = "1,2";
			};
			name = Debug;
		};
		AAA25D3A1F86B199000F0C5B /* Release */ = {
			isa = XCBuildConfiguration;
			buildSettings = {
				ASSETCATALOG_COMPILER_APPICON_NAME = AppIcon;
				CODE_SIGN_IDENTITY = "iPhone Developer";
				CODE_SIGN_STYLE = Automatic;
				DEVELOPMENT_TEAM = "";
				INFOPLIST_FILE = WorldTrotter/Info.plist;
				IPHONEOS_DEPLOYMENT_TARGET = 12.0;
				LD_RUNPATH_SEARCH_PATHS = "$(inherited) @executable_path/Frameworks";
				PRODUCT_BUNDLE_IDENTIFIER = com.bignerdranch;
				PRODUCT_NAME = "$(TARGET_NAME)";
				PROVISIONING_PROFILE_SPECIFIER = "";
				SWIFT_VERSION = 4.0;
				TARGETED_DEVICE_FAMILY = "1,2";
			};
			name = Release;
		};
		AAA25D3C1F86B199000F0C5B /* Debug */ = {
			isa = XCBuildConfiguration;
			buildSettings = {
				ALWAYS_EMBED_SWIFT_STANDARD_LIBRARIES = YES;
				BUNDLE_LOADER = "$(TEST_HOST)";
				CODE_SIGN_STYLE = Automatic;
				INFOPLIST_FILE = WorldTrotterTests/Info.plist;
				LD_RUNPATH_SEARCH_PATHS = "$(inherited) @executable_path/Frameworks @loader_path/Frameworks";
				PRODUCT_BUNDLE_IDENTIFIER = com.bignerdranch.WorldTrotterTests;
				PRODUCT_NAME = "$(TARGET_NAME)";
				SWIFT_VERSION = 4.0;
				TARGETED_DEVICE_FAMILY = "1,2";
				TEST_HOST = "$(BUILT_PRODUCTS_DIR)/WorldTrotter.app/WorldTrotter";
			};
			name = Debug;
		};
		AAA25D3D1F86B199000F0C5B /* Release */ = {
			isa = XCBuildConfiguration;
			buildSettings = {
				ALWAYS_EMBED_SWIFT_STANDARD_LIBRARIES = YES;
				BUNDLE_LOADER = "$(TEST_HOST)";
				CODE_SIGN_STYLE = Automatic;
				INFOPLIST_FILE = WorldTrotterTests/Info.plist;
				LD_RUNPATH_SEARCH_PATHS = "$(inherited) @executable_path/Frameworks @loader_path/Frameworks";
				PRODUCT_BUNDLE_IDENTIFIER = com.bignerdranch.WorldTrotterTests;
				PRODUCT_NAME = "$(TARGET_NAME)";
				SWIFT_VERSION = 4.0;
				TARGETED_DEVICE_FAMILY = "1,2";
				TEST_HOST = "$(BUILT_PRODUCTS_DIR)/WorldTrotter.app/WorldTrotter";
			};
			name = Release;
		};
		AAA25D3F1F86B199000F0C5B /* Debug */ = {
			isa = XCBuildConfiguration;
			buildSettings = {
				ALWAYS_EMBED_SWIFT_STANDARD_LIBRARIES = YES;
				CODE_SIGN_STYLE = Automatic;
				INFOPLIST_FILE = WorldTrotterUITests/Info.plist;
				LD_RUNPATH_SEARCH_PATHS = "$(inherited) @executable_path/Frameworks @loader_path/Frameworks";
				PRODUCT_BUNDLE_IDENTIFIER = com.bignerdranch.WorldTrotterUITests;
				PRODUCT_NAME = "$(TARGET_NAME)";
				SWIFT_VERSION = 4.0;
				TARGETED_DEVICE_FAMILY = "1,2";
				TEST_TARGET_NAME = WorldTrotter;
			};
			name = Debug;
		};
		AAA25D401F86B199000F0C5B /* Release */ = {
			isa = XCBuildConfiguration;
			buildSettings = {
				ALWAYS_EMBED_SWIFT_STANDARD_LIBRARIES = YES;
				CODE_SIGN_STYLE = Automatic;
				INFOPLIST_FILE = WorldTrotterUITests/Info.plist;
				LD_RUNPATH_SEARCH_PATHS = "$(inherited) @executable_path/Frameworks @loader_path/Frameworks";
				PRODUCT_BUNDLE_IDENTIFIER = com.bignerdranch.WorldTrotterUITests;
				PRODUCT_NAME = "$(TARGET_NAME)";
				SWIFT_VERSION = 4.0;
				TARGETED_DEVICE_FAMILY = "1,2";
				TEST_TARGET_NAME = WorldTrotter;
			};
			name = Release;
		};
/* End XCBuildConfiguration section */

/* Begin XCConfigurationList section */
		AAA25D0B1F86B199000F0C5B /* Build configuration list for PBXProject "WorldTrotter" */ = {
			isa = XCConfigurationList;
			buildConfigurations = (
				AAA25D361F86B199000F0C5B /* Debug */,
				AAA25D371F86B199000F0C5B /* Release */,
			);
			defaultConfigurationIsVisible = 0;
			defaultConfigurationName = Release;
		};
		AAA25D381F86B199000F0C5B /* Build configuration list for PBXNativeTarget "WorldTrotter" */ = {
			isa = XCConfigurationList;
			buildConfigurations = (
				AAA25D391F86B199000F0C5B /* Debug */,
				AAA25D3A1F86B199000F0C5B /* Release */,
			);
			defaultConfigurationIsVisible = 0;
			defaultConfigurationName = Release;
		};
		AAA25D3B1F86B199000F0C5B /* Build configuration list for PBXNativeTarget "WorldTrotterTests" */ = {
			isa = XCConfigurationList;
			buildConfigurations = (
				AAA25D3C1F86B199000F0C5B /* Debug */,
				AAA25D3D1F86B199000F0C5B /* Release */,
			);
			defaultConfigurationIsVisible = 0;
			defaultConfigurationName = Release;
		};
		AAA25D3E1F86B199000F0C5B /* Build configuration list for PBXNativeTarget "WorldTrotterUITests" */ = {
			isa = XCConfigurationList;
			buildConfigurations = (
				AAA25D3F1F86B199000F0C5B /* Debug */,
				AAA25D401F86B199000F0C5B /* Release */,
			);
			defaultConfigurationIsVisible = 0;
			defaultConfigurationName = Release;
		};
/* End XCConfigurationList section */
	};
	rootObject = AAA25D081F86B199000F0C5B /* Project object */;
}
